
Microsoft Visual Studio Solution File, Format Version 12.00
# Visual Studio Version 16
VisualStudioVersion = 16.0.30330.147
MinimumVisualStudioVersion = 10.0.40219.1
Project("{FAE04EC0-301F-11D3-BF4B-00C04F79EFBC}") = "MoreEffectiveCSharp", "MoreEffectiveCSharp\MoreEffectiveCSharp.csproj", "{FF16A79B-DCEA-4363-B305-836481B5A0F7}"
EndProject
Global
	GlobalSection(SolutionConfigurationPlatforms) = preSolution
		Debug|Any CPU = Debug|Any CPU
		Release|Any CPU = Release|Any CPU
	EndGlobalSection
	GlobalSection(ProjectConfigurationPlatforms) = postSolution
		{FF16A79B-DCEA-4363-B305-836481B5A0F7}.Debug|Any CPU.ActiveCfg = Debug|Any CPU
		{FF16A79B-DCEA-4363-B305-836481B5A0F7}.Debug|Any CPU.Build.0 = Debug|Any CPU
		{FF16A79B-DCEA-4363-B305-836481B5A0F7}.Release|Any CPU.ActiveCfg = Release|Any CPU
		{FF16A79B-DCEA-4363-B305-836481B5A0F7}.Release|Any CPU.Build.0 = Release|Any CPU
	EndGlobalSection
	GlobalSection(SolutionProperties) = preSolution
		HideSolutionNode = FALSE
	EndGlobalSection
	GlobalSection(ExtensibilityGlobals) = postSolution
		SolutionGuid = {61A7E650-B9CB-4EE7-BB51-4533B08A983D}
	EndGlobalSection
EndGlobal
